{
  "name": "bobpull",
  "lockfileVersion": 2,
  "requires": true,
  "packages": {
    "": {
      "dependencies": {
        "nodemailer": "^6.7.3"
      }
    },
    "node_modules/nodemailer": {
      "version": "6.7.3",
      "resolved": "https://registry.npmjs.org/nodemailer/-/nodemailer-6.7.3.tgz",
      "integrity": "sha512-KUdDsspqx89sD4UUyUKzdlUOper3hRkDVkrKh/89G+d9WKsU5ox51NWS4tB1XR5dPUdR4SP0E3molyEfOvSa3g==",
      "engines": {
        "node": ">=6.0.0"
      }
    }
  },
  "dependencies": {
    "nodemailer": {
      "version": "6.7.3",
      "resolved": "https://registry.npmjs.org/nodemailer/-/nodemailer-6.7.3.tgz",
      "integrity": "sha512-KUdDsspqx89sD4UUyUKzdlUOper3hRkDVkrKh/89G+d9WKsU5ox51NWS4tB1XR5dPUdR4SP0E3molyEfOvSa3g=="
    }
  }
}
